
Microsoft Visual Studio Solution File, Format Version 12.00
# Visual Studio Version 17
VisualStudioVersion = 17.0.31903.59
MinimumVisualStudioVersion = 10.0.40219.1
Project("{2150E333-8FDC-42A3-9474-1A3956D46DE8}") = "Services", "Services", "{950E2FDE-C7E7-4627-91B8-A0E6FBE2D89B}"
EndProject
Project("{2150E333-8FDC-42A3-9474-1A3956D46DE8}") = "Catalog", "Catalog", "{40E50BC7-2849-4507-BA77-31C96A824DE8}"
EndProject
Project("{FAE04EC0-301F-11D3-BF4B-00C04F79EFBC}") = "Catalog.API", "Services\Catalog\Catalog.API\Catalog.API.csproj", "{79356B46-7201-42C1-8567-D80E941F3C5C}"
EndProject
Project("{E53339B2-1760-4266-BCC7-CA923CBCF16C}") = "docker-compose", "docker-compose.dcproj", "{9A733F6B-AAF2-4C34-9FE2-400339E7EA5E}"
EndProject
Project("{2150E333-8FDC-42A3-9474-1A3956D46DE8}") = "Basket", "Basket", "{92F5DDE7-DCF5-48B6-BE30-5D4748069011}"
EndProject
Project("{FAE04EC0-301F-11D3-BF4B-00C04F79EFBC}") = "Basket.API", "Services\Basket\Basket.API\Basket.API.csproj", "{A54B9AAF-9926-4118-89CC-A79BC8145E64}"
EndProject
Project("{2150E333-8FDC-42A3-9474-1A3956D46DE8}") = "Discount", "Discount", "{A71D4889-F589-4ACD-AF95-9BE63EBEFE95}"
EndProject
Project("{FAE04EC0-301F-11D3-BF4B-00C04F79EFBC}") = "Discount.API", "Services\Discount\Discount.API\Discount.API.csproj", "{6620CA59-1290-4DDB-AB55-A2D533D5CF12}"
EndProject
Project("{FAE04EC0-301F-11D3-BF4B-00C04F79EFBC}") = "Discount.Grpc", "Services\Discount\Discount.Grpc\Discount.Grpc.csproj", "{85E0AF23-2138-4527-B6DD-9D83C8E61442}"
EndProject
Project("{2150E333-8FDC-42A3-9474-1A3956D46DE8}") = "Ordering", "Ordering", "{C168E7B4-B81A-4952-8AB0-057C19F84D04}"
EndProject
Project("{FAE04EC0-301F-11D3-BF4B-00C04F79EFBC}") = "Ordering.API", "Services\Ordering\Ordering.API\Ordering.API.csproj", "{E7AA73A2-5362-4626-A20D-CE800E487066}"
EndProject
Project("{FAE04EC0-301F-11D3-BF4B-00C04F79EFBC}") = "Ordering.Domain", "Services\Ordering\Ordering.Domain\Ordering.Domain.csproj", "{19EE0429-6E00-44CC-8596-F53CF71C32D2}"
EndProject
Project("{FAE04EC0-301F-11D3-BF4B-00C04F79EFBC}") = "Ordering.Application", "Services\Ordering\Ordering.Application\Ordering.Application.csproj", "{6B7E9B29-9DFD-48F2-A712-65668BD2D6B6}"
EndProject
Project("{FAE04EC0-301F-11D3-BF4B-00C04F79EFBC}") = "Ordering.Infrastructure", "Services\Ordering\Ordering.Infrastructure\Ordering.Infrastructure.csproj", "{94741FC0-79FC-4449-882F-615ED14807A8}"
EndProject
Project("{2150E333-8FDC-42A3-9474-1A3956D46DE8}") = "BuildingBlocks", "BuildingBlocks", "{D1C85043-C1EA-4787-BC97-8A2F5B6B62E7}"
EndProject
Project("{FAE04EC0-301F-11D3-BF4B-00C04F79EFBC}") = "EventBus.Messages", "BuildingBlocks\EventBus.Messages\EventBus.Messages.csproj", "{BCA80036-CEF3-492C-BC8B-0D30CC2578C4}"
EndProject
Project("{2150E333-8FDC-42A3-9474-1A3956D46DE8}") = "ApiGateways", "ApiGateways", "{79714F08-E69D-49F1-85C2-A5BA5D9C6599}"
EndProject
Project("{FAE04EC0-301F-11D3-BF4B-00C04F79EFBC}") = "OcelotApiGw", "ApiGateways\OcelotApiGw\OcelotApiGw.csproj", "{C1C5752A-E0CE-46A6-91F4-BC00858DAB75}"
EndProject
Project("{FAE04EC0-301F-11D3-BF4B-00C04F79EFBC}") = "Shopping.Aggregator", "ApiGateways\Shopping.Aggregator\Shopping.Aggregator.csproj", "{CB011318-2CAC-470C-99EE-1B70DB21466A}"
EndProject
Project("{2150E333-8FDC-42A3-9474-1A3956D46DE8}") = "WebApps", "WebApps", "{EA9DE8C2-C608-4C3D-8060-2DF368A4FE27}"
EndProject
Project("{FAE04EC0-301F-11D3-BF4B-00C04F79EFBC}") = "AspnetRunBasics", "WebApps\AspnetRunBasics\AspnetRunBasics.csproj", "{E88EDC7A-3B11-47E8-B330-F203AAF67758}"
EndProject
Project("{FAE04EC0-301F-11D3-BF4B-00C04F79EFBC}") = "Common.Logging", "BuildingBlocks\Common.Logging\Common.Logging.csproj", "{DB62B83E-6883-4A60-B406-56CB5814FB50}"
EndProject
Global
	GlobalSection(SolutionConfigurationPlatforms) = preSolution
		Debug|Any CPU = Debug|Any CPU
		Release|Any CPU = Release|Any CPU
	EndGlobalSection
	GlobalSection(SolutionProperties) = preSolution
		HideSolutionNode = FALSE
	EndGlobalSection
	GlobalSection(ProjectConfigurationPlatforms) = postSolution
		{79356B46-7201-42C1-8567-D80E941F3C5C}.Debug|Any CPU.ActiveCfg = Debug|Any CPU
		{79356B46-7201-42C1-8567-D80E941F3C5C}.Debug|Any CPU.Build.0 = Debug|Any CPU
		{79356B46-7201-42C1-8567-D80E941F3C5C}.Release|Any CPU.ActiveCfg = Release|Any CPU
		{79356B46-7201-42C1-8567-D80E941F3C5C}.Release|Any CPU.Build.0 = Release|Any CPU
		{9A733F6B-AAF2-4C34-9FE2-400339E7EA5E}.Debug|Any CPU.ActiveCfg = Debug|Any CPU
		{9A733F6B-AAF2-4C34-9FE2-400339E7EA5E}.Debug|Any CPU.Build.0 = Debug|Any CPU
		{9A733F6B-AAF2-4C34-9FE2-400339E7EA5E}.Release|Any CPU.ActiveCfg = Release|Any CPU
		{9A733F6B-AAF2-4C34-9FE2-400339E7EA5E}.Release|Any CPU.Build.0 = Release|Any CPU
		{A54B9AAF-9926-4118-89CC-A79BC8145E64}.Debug|Any CPU.ActiveCfg = Debug|Any CPU
		{A54B9AAF-9926-4118-89CC-A79BC8145E64}.Debug|Any CPU.Build.0 = Debug|Any CPU
		{A54B9AAF-9926-4118-89CC-A79BC8145E64}.Release|Any CPU.ActiveCfg = Release|Any CPU
		{A54B9AAF-9926-4118-89CC-A79BC8145E64}.Release|Any CPU.Build.0 = Release|Any CPU
		{6620CA59-1290-4DDB-AB55-A2D533D5CF12}.Debug|Any CPU.ActiveCfg = Debug|Any CPU
		{6620CA59-1290-4DDB-AB55-A2D533D5CF12}.Debug|Any CPU.Build.0 = Debug|Any CPU
		{6620CA59-1290-4DDB-AB55-A2D533D5CF12}.Release|Any CPU.ActiveCfg = Release|Any CPU
		{6620CA59-1290-4DDB-AB55-A2D533D5CF12}.Release|Any CPU.Build.0 = Release|Any CPU
		{85E0AF23-2138-4527-B6DD-9D83C8E61442}.Debug|Any CPU.ActiveCfg = Debug|Any CPU
		{85E0AF23-2138-4527-B6DD-9D83C8E61442}.Debug|Any CPU.Build.0 = Debug|Any CPU
		{85E0AF23-2138-4527-B6DD-9D83C8E61442}.Release|Any CPU.ActiveCfg = Release|Any CPU
		{85E0AF23-2138-4527-B6DD-9D83C8E61442}.Release|Any CPU.Build.0 = Release|Any CPU
		{E7AA73A2-5362-4626-A20D-CE800E487066}.Debug|Any CPU.ActiveCfg = Debug|Any CPU
		{E7AA73A2-5362-4626-A20D-CE800E487066}.Debug|Any CPU.Build.0 = Debug|Any CPU
		{E7AA73A2-5362-4626-A20D-CE800E487066}.Release|Any CPU.ActiveCfg = Release|Any CPU
		{E7AA73A2-5362-4626-A20D-CE800E487066}.Release|Any CPU.Build.0 = Release|Any CPU
		{19EE0429-6E00-44CC-8596-F53CF71C32D2}.Debug|Any CPU.ActiveCfg = Debug|Any CPU
		{19EE0429-6E00-44CC-8596-F53CF71C32D2}.Debug|Any CPU.Build.0 = Debug|Any CPU
		{19EE0429-6E00-44CC-8596-F53CF71C32D2}.Release|Any CPU.ActiveCfg = Release|Any CPU
		{19EE0429-6E00-44CC-8596-F53CF71C32D2}.Release|Any CPU.Build.0 = Release|Any CPU
		{6B7E9B29-9DFD-48F2-A712-65668BD2D6B6}.Debug|Any CPU.ActiveCfg = Debug|Any CPU
		{6B7E9B29-9DFD-48F2-A712-65668BD2D6B6}.Debug|Any CPU.Build.0 = Debug|Any CPU
		{6B7E9B29-9DFD-48F2-A712-65668BD2D6B6}.Release|Any CPU.ActiveCfg = Release|Any CPU
		{6B7E9B29-9DFD-48F2-A712-65668BD2D6B6}.Release|Any CPU.Build.0 = Release|Any CPU
		{94741FC0-79FC-4449-882F-615ED14807A8}.Debug|Any CPU.ActiveCfg = Debug|Any CPU
		{94741FC0-79FC-4449-882F-615ED14807A8}.Debug|Any CPU.Build.0 = Debug|Any CPU
		{94741FC0-79FC-4449-882F-615ED14807A8}.Release|Any CPU.ActiveCfg = Release|Any CPU
		{94741FC0-79FC-4449-882F-615ED14807A8}.Release|Any CPU.Build.0 = Release|Any CPU
		{BCA80036-CEF3-492C-BC8B-0D30CC2578C4}.Debug|Any CPU.ActiveCfg = Debug|Any CPU
		{BCA80036-CEF3-492C-BC8B-0D30CC2578C4}.Debug|Any CPU.Build.0 = Debug|Any CPU
		{BCA80036-CEF3-492C-BC8B-0D30CC2578C4}.Release|Any CPU.ActiveCfg = Release|Any CPU
		{BCA80036-CEF3-492C-BC8B-0D30CC2578C4}.Release|Any CPU.Build.0 = Release|Any CPU
		{C1C5752A-E0CE-46A6-91F4-BC00858DAB75}.Debug|Any CPU.ActiveCfg = Debug|Any CPU
		{C1C5752A-E0CE-46A6-91F4-BC00858DAB75}.Debug|Any CPU.Build.0 = Debug|Any CPU
		{C1C5752A-E0CE-46A6-91F4-BC00858DAB75}.Release|Any CPU.ActiveCfg = Release|Any CPU
		{C1C5752A-E0CE-46A6-91F4-BC00858DAB75}.Release|Any CPU.Build.0 = Release|Any CPU
		{CB011318-2CAC-470C-99EE-1B70DB21466A}.Debug|Any CPU.ActiveCfg = Debug|Any CPU
		{CB011318-2CAC-470C-99EE-1B70DB21466A}.Debug|Any CPU.Build.0 = Debug|Any CPU
		{CB011318-2CAC-470C-99EE-1B70DB21466A}.Release|Any CPU.ActiveCfg = Release|Any CPU
		{CB011318-2CAC-470C-99EE-1B70DB21466A}.Release|Any CPU.Build.0 = Release|Any CPU
		{E88EDC7A-3B11-47E8-B330-F203AAF67758}.Debug|Any CPU.ActiveCfg = Debug|Any CPU
		{E88EDC7A-3B11-47E8-B330-F203AAF67758}.Debug|Any CPU.Build.0 = Debug|Any CPU
		{E88EDC7A-3B11-47E8-B330-F203AAF67758}.Release|Any CPU.ActiveCfg = Release|Any CPU
		{E88EDC7A-3B11-47E8-B330-F203AAF67758}.Release|Any CPU.Build.0 = Release|Any CPU
		{DB62B83E-6883-4A60-B406-56CB5814FB50}.Debug|Any CPU.ActiveCfg = Debug|Any CPU
		{DB62B83E-6883-4A60-B406-56CB5814FB50}.Debug|Any CPU.Build.0 = Debug|Any CPU
		{DB62B83E-6883-4A60-B406-56CB5814FB50}.Release|Any CPU.ActiveCfg = Release|Any CPU
		{DB62B83E-6883-4A60-B406-56CB5814FB50}.Release|Any CPU.Build.0 = Release|Any CPU
	EndGlobalSection
	GlobalSection(NestedProjects) = preSolution
		{40E50BC7-2849-4507-BA77-31C96A824DE8} = {950E2FDE-C7E7-4627-91B8-A0E6FBE2D89B}
		{79356B46-7201-42C1-8567-D80E941F3C5C} = {40E50BC7-2849-4507-BA77-31C96A824DE8}
		{92F5DDE7-DCF5-48B6-BE30-5D4748069011} = {950E2FDE-C7E7-4627-91B8-A0E6FBE2D89B}
		{A54B9AAF-9926-4118-89CC-A79BC8145E64} = {92F5DDE7-DCF5-48B6-BE30-5D4748069011}
		{A71D4889-F589-4ACD-AF95-9BE63EBEFE95} = {950E2FDE-C7E7-4627-91B8-A0E6FBE2D89B}
		{6620CA59-1290-4DDB-AB55-A2D533D5CF12} = {A71D4889-F589-4ACD-AF95-9BE63EBEFE95}
		{85E0AF23-2138-4527-B6DD-9D83C8E61442} = {A71D4889-F589-4ACD-AF95-9BE63EBEFE95}
		{C168E7B4-B81A-4952-8AB0-057C19F84D04} = {950E2FDE-C7E7-4627-91B8-A0E6FBE2D89B}
		{E7AA73A2-5362-4626-A20D-CE800E487066} = {C168E7B4-B81A-4952-8AB0-057C19F84D04}
		{19EE0429-6E00-44CC-8596-F53CF71C32D2} = {C168E7B4-B81A-4952-8AB0-057C19F84D04}
		{6B7E9B29-9DFD-48F2-A712-65668BD2D6B6} = {C168E7B4-B81A-4952-8AB0-057C19F84D04}
		{94741FC0-79FC-4449-882F-615ED14807A8} = {C168E7B4-B81A-4952-8AB0-057C19F84D04}
		{BCA80036-CEF3-492C-BC8B-0D30CC2578C4} = {D1C85043-C1EA-4787-BC97-8A2F5B6B62E7}
		{C1C5752A-E0CE-46A6-91F4-BC00858DAB75} = {79714F08-E69D-49F1-85C2-A5BA5D9C6599}
		{CB011318-2CAC-470C-99EE-1B70DB21466A} = {79714F08-E69D-49F1-85C2-A5BA5D9C6599}
		{E88EDC7A-3B11-47E8-B330-F203AAF67758} = {EA9DE8C2-C608-4C3D-8060-2DF368A4FE27}
		{DB62B83E-6883-4A60-B406-56CB5814FB50} = {D1C85043-C1EA-4787-BC97-8A2F5B6B62E7}
	EndGlobalSection
EndGlobal
